
Microsoft Visual Studio Solution File, Format Version 12.00
# Visual Studio Version 17
VisualStudioVersion = 17.9.34622.214
MinimumVisualStudioVersion = 10.0.40219.1
Project("{FAE04EC0-301F-11D3-BF4B-00C04F79EFBC}") = "P238SignalR", "P238SignalR\P238SignalR.csproj", "{DAEE1820-402A-480A-A614-8E330EC4ECA0}"
EndProject
Global
	GlobalSection(SolutionConfigurationPlatforms) = preSolution
		Debug|Any CPU = Debug|Any CPU
		Release|Any CPU = Release|Any CPU
	EndGlobalSection
	GlobalSection(ProjectConfigurationPlatforms) = postSolution
		{DAEE1820-402A-480A-A614-8E330EC4ECA0}.Debug|Any CPU.ActiveCfg = Debug|Any CPU
		{DAEE1820-402A-480A-A614-8E330EC4ECA0}.Debug|Any CPU.Build.0 = Debug|Any CPU
		{DAEE1820-402A-480A-A614-8E330EC4ECA0}.Release|Any CPU.ActiveCfg = Release|Any CPU
		{DAEE1820-402A-480A-A614-8E330EC4ECA0}.Release|Any CPU.Build.0 = Release|Any CPU
	EndGlobalSection
	GlobalSection(SolutionProperties) = preSolution
		HideSolutionNode = FALSE
	EndGlobalSection
	GlobalSection(ExtensibilityGlobals) = postSolution
		SolutionGuid = {810B9434-F147-485A-BC0C-215B25F46AE6}
	EndGlobalSection
EndGlobal
